
Microsoft Visual Studio Solution File, Format Version 12.00
# Visual Studio Version 16
VisualStudioVersion = 16.0.29609.76
MinimumVisualStudioVersion = 10.0.40219.1
Project("{FAE04EC0-301F-11D3-BF4B-00C04F79EFBC}") = "ND_11_uzduotis2", "ND_11_uzduotis2\ND_11_uzduotis2.csproj", "{8CE87C4E-590D-4AFC-AC72-63F9DB4CF6A9}"
EndProject
Project("{FAE04EC0-301F-11D3-BF4B-00C04F79EFBC}") = "LogicLevel", "LogicLevel\LogicLevel.csproj", "{F4473D76-AEB9-4874-B819-C774F9DA5F9E}"
EndProject
Project("{FAE04EC0-301F-11D3-BF4B-00C04F79EFBC}") = "ND_11_uzduotis2.test", "ND_11_uzduotis2.test\ND_11_uzduotis2.test.csproj", "{D283C959-254E-42F7-BB5C-0F02CB7125B5}"
EndProject
Global
	GlobalSection(SolutionConfigurationPlatforms) = preSolution
		Debug|Any CPU = Debug|Any CPU
		Release|Any CPU = Release|Any CPU
	EndGlobalSection
	GlobalSection(ProjectConfigurationPlatforms) = postSolution
		{8CE87C4E-590D-4AFC-AC72-63F9DB4CF6A9}.Debug|Any CPU.ActiveCfg = Debug|Any CPU
		{8CE87C4E-590D-4AFC-AC72-63F9DB4CF6A9}.Debug|Any CPU.Build.0 = Debug|Any CPU
		{8CE87C4E-590D-4AFC-AC72-63F9DB4CF6A9}.Release|Any CPU.ActiveCfg = Release|Any CPU
		{8CE87C4E-590D-4AFC-AC72-63F9DB4CF6A9}.Release|Any CPU.Build.0 = Release|Any CPU
		{F4473D76-AEB9-4874-B819-C774F9DA5F9E}.Debug|Any CPU.ActiveCfg = Debug|Any CPU
		{F4473D76-AEB9-4874-B819-C774F9DA5F9E}.Debug|Any CPU.Build.0 = Debug|Any CPU
		{F4473D76-AEB9-4874-B819-C774F9DA5F9E}.Release|Any CPU.ActiveCfg = Release|Any CPU
		{F4473D76-AEB9-4874-B819-C774F9DA5F9E}.Release|Any CPU.Build.0 = Release|Any CPU
		{D283C959-254E-42F7-BB5C-0F02CB7125B5}.Debug|Any CPU.ActiveCfg = Debug|Any CPU
		{D283C959-254E-42F7-BB5C-0F02CB7125B5}.Debug|Any CPU.Build.0 = Debug|Any CPU
		{D283C959-254E-42F7-BB5C-0F02CB7125B5}.Release|Any CPU.ActiveCfg = Release|Any CPU
		{D283C959-254E-42F7-BB5C-0F02CB7125B5}.Release|Any CPU.Build.0 = Release|Any CPU
	EndGlobalSection
	GlobalSection(SolutionProperties) = preSolution
		HideSolutionNode = FALSE
	EndGlobalSection
	GlobalSection(ExtensibilityGlobals) = postSolution
		SolutionGuid = {8E9E6FC6-19FC-4E7F-B27E-14F174FD2F46}
	EndGlobalSection
EndGlobal
