
Microsoft Visual Studio Solution File, Format Version 12.00
# Visual Studio Version 16
VisualStudioVersion = 16.0.29609.76
MinimumVisualStudioVersion = 10.0.40219.1
Project("{FAE04EC0-301F-11D3-BF4B-00C04F79EFBC}") = "ND_11_Uzduotis1", "ND_11_Uzduotis1\ND_11_Uzduotis1.csproj", "{DD8A881E-80E9-42BD-8282-2F38A39F2540}"
EndProject
Global
	GlobalSection(SolutionConfigurationPlatforms) = preSolution
		Debug|Any CPU = Debug|Any CPU
		Release|Any CPU = Release|Any CPU
	EndGlobalSection
	GlobalSection(ProjectConfigurationPlatforms) = postSolution
		{DD8A881E-80E9-42BD-8282-2F38A39F2540}.Debug|Any CPU.ActiveCfg = Debug|Any CPU
		{DD8A881E-80E9-42BD-8282-2F38A39F2540}.Debug|Any CPU.Build.0 = Debug|Any CPU
		{DD8A881E-80E9-42BD-8282-2F38A39F2540}.Release|Any CPU.ActiveCfg = Release|Any CPU
		{DD8A881E-80E9-42BD-8282-2F38A39F2540}.Release|Any CPU.Build.0 = Release|Any CPU
	EndGlobalSection
	GlobalSection(SolutionProperties) = preSolution
		HideSolutionNode = FALSE
	EndGlobalSection
	GlobalSection(ExtensibilityGlobals) = postSolution
		SolutionGuid = {17533033-F87C-4E52-A1F2-210423B2134A}
	EndGlobalSection
EndGlobal
